
Microsoft Visual Studio Solution File, Format Version 12.00
# Visual Studio 2013
VisualStudioVersion = 12.0.40629.0
MinimumVisualStudioVersion = 10.0.40219.1
Project("{FAE04EC0-301F-11D3-BF4B-00C04F79EFBC}") = "WindowsFormsApplication1", "WindowsFormsApplication1\WindowsFormsApplication1.csproj", "{F05EE08B-AEC0-4C6F-AE71-6A6EDCC0012A}"
EndProject
Global
	GlobalSection(SolutionConfigurationPlatforms) = preSolution
		Debug|Any CPU = Debug|Any CPU
		Release|Any CPU = Release|Any CPU
	EndGlobalSection
	GlobalSection(ProjectConfigurationPlatforms) = postSolution
		{F05EE08B-AEC0-4C6F-AE71-6A6EDCC0012A}.Debug|Any CPU.ActiveCfg = Debug|Any CPU
		{F05EE08B-AEC0-4C6F-AE71-6A6EDCC0012A}.Debug|Any CPU.Build.0 = Debug|Any CPU
		{F05EE08B-AEC0-4C6F-AE71-6A6EDCC0012A}.Release|Any CPU.ActiveCfg = Release|Any CPU
		{F05EE08B-AEC0-4C6F-AE71-6A6EDCC0012A}.Release|Any CPU.Build.0 = Release|Any CPU
	EndGlobalSection
	GlobalSection(SolutionProperties) = preSolution
		HideSolutionNode = FALSE
	EndGlobalSection
EndGlobal
